
Microsoft Visual Studio Solution File, Format Version 12.00
# Visual Studio Version 16
VisualStudioVersion = 16.0.33529.622
MinimumVisualStudioVersion = 10.0.40219.1
Project("{FAE04EC0-301F-11D3-BF4B-00C04F79EFBC}") = "Employee_Mgt_System", "Employee_Mgt_System.csproj", "{1EC23918-8560-44CF-88EA-CD056E285871}"
EndProject
Global
	GlobalSection(SolutionConfigurationPlatforms) = preSolution
		Debug|Any CPU = Debug|Any CPU
		Release|Any CPU = Release|Any CPU
	EndGlobalSection
	GlobalSection(ProjectConfigurationPlatforms) = postSolution
		{1EC23918-8560-44CF-88EA-CD056E285871}.Debug|Any CPU.ActiveCfg = Debug|Any CPU
		{1EC23918-8560-44CF-88EA-CD056E285871}.Debug|Any CPU.Build.0 = Debug|Any CPU
		{1EC23918-8560-44CF-88EA-CD056E285871}.Release|Any CPU.ActiveCfg = Release|Any CPU
		{1EC23918-8560-44CF-88EA-CD056E285871}.Release|Any CPU.Build.0 = Release|Any CPU
	EndGlobalSection
	GlobalSection(SolutionProperties) = preSolution
		HideSolutionNode = FALSE
	EndGlobalSection
	GlobalSection(ExtensibilityGlobals) = postSolution
		SolutionGuid = {E0FE60DD-CBFE-4D06-924D-EFB2181E9D55}
	EndGlobalSection
EndGlobal
